
Microsoft Visual Studio Solution File, Format Version 12.00
# Visual Studio Version 16
VisualStudioVersion = 16.0.32106.194
MinimumVisualStudioVersion = 10.0.40219.1
Project("{FAE04EC0-301F-11D3-BF4B-00C04F79EFBC}") = "Example1", "Example1\Example1.csproj", "{039109CC-BB3F-462F-A925-3921F87B9487}"
EndProject
Project("{FAE04EC0-301F-11D3-BF4B-00C04F79EFBC}") = "Example2", "Example2\Example2.csproj", "{3F5097DF-EC0F-4694-B904-BCCC470B64D2}"
EndProject
Project("{FAE04EC0-301F-11D3-BF4B-00C04F79EFBC}") = "Example3", "Example3\Example3.csproj", "{5AA62796-4232-406F-B3D9-326DFD414D9E}"
EndProject
Project("{FAE04EC0-301F-11D3-BF4B-00C04F79EFBC}") = "Exam1", "Exam1\Exam1.csproj", "{F8515C9D-BA04-433B-8BE2-CCE5D7414E97}"
EndProject
Project("{FAE04EC0-301F-11D3-BF4B-00C04F79EFBC}") = "Task1", "Task1\Task1.csproj", "{270F32D2-2082-41F3-BE76-2B78091A6F58}"
EndProject
Project("{FAE04EC0-301F-11D3-BF4B-00C04F79EFBC}") = "Task2", "Task2\Task2.csproj", "{1FBF0A22-D097-485B-91C0-7738B146FDE4}"
EndProject
Project("{FAE04EC0-301F-11D3-BF4B-00C04F79EFBC}") = "Task3", "Task3\Task3.csproj", "{E2AE1053-550F-4BEA-AE9C-50E5FA553421}"
EndProject
Project("{FAE04EC0-301F-11D3-BF4B-00C04F79EFBC}") = "Task4", "Task4\Task4.csproj", "{2165E973-B912-4E0F-9DF2-569AAAF0A831}"
EndProject
Project("{FAE04EC0-301F-11D3-BF4B-00C04F79EFBC}") = "Task5", "Task5\Task5.csproj", "{8FFD2063-BC55-452D-85CF-CFE52BEBB0EA}"
EndProject
Project("{2150E333-8FDC-42A3-9474-1A3956D46DE8}") = "Tasks", "Tasks", "{9113691B-0711-4978-83E5-E209E1F39DE3}"
EndProject
Project("{2150E333-8FDC-42A3-9474-1A3956D46DE8}") = "Examples", "Examples", "{63C28F4E-4887-406D-A483-AC65C29CBB52}"
EndProject
Project("{2150E333-8FDC-42A3-9474-1A3956D46DE8}") = "Exams", "Exams", "{D5EC77A0-AF11-4A3B-8E46-F5E80099D437}"
EndProject
Global
	GlobalSection(SolutionConfigurationPlatforms) = preSolution
		Debug|Any CPU = Debug|Any CPU
		Release|Any CPU = Release|Any CPU
	EndGlobalSection
	GlobalSection(ProjectConfigurationPlatforms) = postSolution
		{039109CC-BB3F-462F-A925-3921F87B9487}.Debug|Any CPU.ActiveCfg = Debug|Any CPU
		{039109CC-BB3F-462F-A925-3921F87B9487}.Debug|Any CPU.Build.0 = Debug|Any CPU
		{039109CC-BB3F-462F-A925-3921F87B9487}.Release|Any CPU.ActiveCfg = Release|Any CPU
		{039109CC-BB3F-462F-A925-3921F87B9487}.Release|Any CPU.Build.0 = Release|Any CPU
		{3F5097DF-EC0F-4694-B904-BCCC470B64D2}.Debug|Any CPU.ActiveCfg = Debug|Any CPU
		{3F5097DF-EC0F-4694-B904-BCCC470B64D2}.Debug|Any CPU.Build.0 = Debug|Any CPU
		{3F5097DF-EC0F-4694-B904-BCCC470B64D2}.Release|Any CPU.ActiveCfg = Release|Any CPU
		{3F5097DF-EC0F-4694-B904-BCCC470B64D2}.Release|Any CPU.Build.0 = Release|Any CPU
		{5AA62796-4232-406F-B3D9-326DFD414D9E}.Debug|Any CPU.ActiveCfg = Debug|Any CPU
		{5AA62796-4232-406F-B3D9-326DFD414D9E}.Debug|Any CPU.Build.0 = Debug|Any CPU
		{5AA62796-4232-406F-B3D9-326DFD414D9E}.Release|Any CPU.ActiveCfg = Release|Any CPU
		{5AA62796-4232-406F-B3D9-326DFD414D9E}.Release|Any CPU.Build.0 = Release|Any CPU
		{F8515C9D-BA04-433B-8BE2-CCE5D7414E97}.Debug|Any CPU.ActiveCfg = Debug|Any CPU
		{F8515C9D-BA04-433B-8BE2-CCE5D7414E97}.Debug|Any CPU.Build.0 = Debug|Any CPU
		{F8515C9D-BA04-433B-8BE2-CCE5D7414E97}.Release|Any CPU.ActiveCfg = Release|Any CPU
		{F8515C9D-BA04-433B-8BE2-CCE5D7414E97}.Release|Any CPU.Build.0 = Release|Any CPU
		{270F32D2-2082-41F3-BE76-2B78091A6F58}.Debug|Any CPU.ActiveCfg = Debug|Any CPU
		{270F32D2-2082-41F3-BE76-2B78091A6F58}.Debug|Any CPU.Build.0 = Debug|Any CPU
		{270F32D2-2082-41F3-BE76-2B78091A6F58}.Release|Any CPU.ActiveCfg = Release|Any CPU
		{270F32D2-2082-41F3-BE76-2B78091A6F58}.Release|Any CPU.Build.0 = Release|Any CPU
		{1FBF0A22-D097-485B-91C0-7738B146FDE4}.Debug|Any CPU.ActiveCfg = Debug|Any CPU
		{1FBF0A22-D097-485B-91C0-7738B146FDE4}.Debug|Any CPU.Build.0 = Debug|Any CPU
		{1FBF0A22-D097-485B-91C0-7738B146FDE4}.Release|Any CPU.ActiveCfg = Release|Any CPU
		{1FBF0A22-D097-485B-91C0-7738B146FDE4}.Release|Any CPU.Build.0 = Release|Any CPU
		{E2AE1053-550F-4BEA-AE9C-50E5FA553421}.Debug|Any CPU.ActiveCfg = Debug|Any CPU
		{E2AE1053-550F-4BEA-AE9C-50E5FA553421}.Debug|Any CPU.Build.0 = Debug|Any CPU
		{E2AE1053-550F-4BEA-AE9C-50E5FA553421}.Release|Any CPU.ActiveCfg = Release|Any CPU
		{E2AE1053-550F-4BEA-AE9C-50E5FA553421}.Release|Any CPU.Build.0 = Release|Any CPU
		{2165E973-B912-4E0F-9DF2-569AAAF0A831}.Debug|Any CPU.ActiveCfg = Debug|Any CPU
		{2165E973-B912-4E0F-9DF2-569AAAF0A831}.Debug|Any CPU.Build.0 = Debug|Any CPU
		{2165E973-B912-4E0F-9DF2-569AAAF0A831}.Release|Any CPU.ActiveCfg = Release|Any CPU
		{2165E973-B912-4E0F-9DF2-569AAAF0A831}.Release|Any CPU.Build.0 = Release|Any CPU
		{8FFD2063-BC55-452D-85CF-CFE52BEBB0EA}.Debug|Any CPU.ActiveCfg = Debug|Any CPU
		{8FFD2063-BC55-452D-85CF-CFE52BEBB0EA}.Debug|Any CPU.Build.0 = Debug|Any CPU
		{8FFD2063-BC55-452D-85CF-CFE52BEBB0EA}.Release|Any CPU.ActiveCfg = Release|Any CPU
		{8FFD2063-BC55-452D-85CF-CFE52BEBB0EA}.Release|Any CPU.Build.0 = Release|Any CPU
	EndGlobalSection
	GlobalSection(SolutionProperties) = preSolution
		HideSolutionNode = FALSE
	EndGlobalSection
	GlobalSection(NestedProjects) = preSolution
		{039109CC-BB3F-462F-A925-3921F87B9487} = {63C28F4E-4887-406D-A483-AC65C29CBB52}
		{3F5097DF-EC0F-4694-B904-BCCC470B64D2} = {63C28F4E-4887-406D-A483-AC65C29CBB52}
		{5AA62796-4232-406F-B3D9-326DFD414D9E} = {63C28F4E-4887-406D-A483-AC65C29CBB52}
		{F8515C9D-BA04-433B-8BE2-CCE5D7414E97} = {D5EC77A0-AF11-4A3B-8E46-F5E80099D437}
		{270F32D2-2082-41F3-BE76-2B78091A6F58} = {9113691B-0711-4978-83E5-E209E1F39DE3}
		{1FBF0A22-D097-485B-91C0-7738B146FDE4} = {9113691B-0711-4978-83E5-E209E1F39DE3}
		{E2AE1053-550F-4BEA-AE9C-50E5FA553421} = {9113691B-0711-4978-83E5-E209E1F39DE3}
		{2165E973-B912-4E0F-9DF2-569AAAF0A831} = {9113691B-0711-4978-83E5-E209E1F39DE3}
		{8FFD2063-BC55-452D-85CF-CFE52BEBB0EA} = {9113691B-0711-4978-83E5-E209E1F39DE3}
	EndGlobalSection
	GlobalSection(ExtensibilityGlobals) = postSolution
		SolutionGuid = {E2DAF883-E8E9-4B78-9A80-8797187FFE37}
	EndGlobalSection
EndGlobal
